PODS:
  - SCLAlertView (0.8)
  - SkyFloatingLabelTextField (3.5.1)
  - SwiftCop (1.1.0)

DEPENDENCIES:
  - SCLAlertView
  - SkyFloatingLabelTextField
  - SwiftCop

SPEC REPOS:
  https://github.com/cocoapods/specs.git:
    - SCLAlertView
    - SkyFloatingLabelTextField
    - SwiftCop

SPEC CHECKSUMS:
  SCLAlertView: 6a77bb2edfc65e04dbe57725546cb4107a506b85
  SkyFloatingLabelTextField: 4cbeece9c3aae97c6019d8fae511cb5b755874f7
  SwiftCop: 52c1c097f0549f605b986832c1661f3275b82df2

PODFILE CHECKSUM: bb3eb302979d619da1ca32db5b362701627ff664

COCOAPODS: 1.5.3
